
Microsoft Visual Studio Solution File, Format Version 12.00
# Visual Studio Version 17
VisualStudioVersion = 17.7.34221.43
MinimumVisualStudioVersion = 10.0.40219.1
Project("{FAE04EC0-301F-11D3-BF4B-00C04F79EFBC}") = "StudiuIndividual", "StudiuIndividual.csproj", "{A2ADDE20-E368-4A3D-89F1-BDC7D471C8EA}"
EndProject
Global
	GlobalSection(SolutionConfigurationPlatforms) = preSolution
		Debug|Any CPU = Debug|Any CPU
		Release|Any CPU = Release|Any CPU
	EndGlobalSection
	GlobalSection(ProjectConfigurationPlatforms) = postSolution
		{A2ADDE20-E368-4A3D-89F1-BDC7D471C8EA}.Debug|Any CPU.ActiveCfg = Debug|Any CPU
		{A2ADDE20-E368-4A3D-89F1-BDC7D471C8EA}.Debug|Any CPU.Build.0 = Debug|Any CPU
		{A2ADDE20-E368-4A3D-89F1-BDC7D471C8EA}.Release|Any CPU.ActiveCfg = Release|Any CPU
		{A2ADDE20-E368-4A3D-89F1-BDC7D471C8EA}.Release|Any CPU.Build.0 = Release|Any CPU
	EndGlobalSection
	GlobalSection(SolutionProperties) = preSolution
		HideSolutionNode = FALSE
	EndGlobalSection
	GlobalSection(ExtensibilityGlobals) = postSolution
		SolutionGuid = {F7BED395-E720-4C4B-A6FF-B4B1F4ED78E3}
	EndGlobalSection
EndGlobal
